
Microsoft Visual Studio Solution File, Format Version 12.00
# Visual Studio Version 16
VisualStudioVersion = 16.0.30204.135
MinimumVisualStudioVersion = 10.0.40219.1
Project("{FAE04EC0-301F-11D3-BF4B-00C04F79EFBC}") = "Enel", "Enel.csproj", "{6EB5EFDB-1EF6-49CE-8380-C65BF72EA5D1}"
EndProject
Global
	GlobalSection(SolutionConfigurationPlatforms) = preSolution
		Debug|Any CPU = Debug|Any CPU
		Release|Any CPU = Release|Any CPU
	EndGlobalSection
	GlobalSection(ProjectConfigurationPlatforms) = postSolution
		{6EB5EFDB-1EF6-49CE-8380-C65BF72EA5D1}.Debug|Any CPU.ActiveCfg = Debug|Any CPU
		{6EB5EFDB-1EF6-49CE-8380-C65BF72EA5D1}.Debug|Any CPU.Build.0 = Debug|Any CPU
		{6EB5EFDB-1EF6-49CE-8380-C65BF72EA5D1}.Release|Any CPU.ActiveCfg = Release|Any CPU
		{6EB5EFDB-1EF6-49CE-8380-C65BF72EA5D1}.Release|Any CPU.Build.0 = Release|Any CPU
	EndGlobalSection
	GlobalSection(SolutionProperties) = preSolution
		HideSolutionNode = FALSE
	EndGlobalSection
	GlobalSection(ExtensibilityGlobals) = postSolution
		SolutionGuid = {6C7CCA5E-EF7C-48D5-B89A-9A8A6748536F}
	EndGlobalSection
EndGlobal
